
Microsoft Visual Studio Solution File, Format Version 12.00
# Visual Studio 14
VisualStudioVersion = 14.0.25420.1
MinimumVisualStudioVersion = 10.0.40219.1
Project("{2150E333-8FDC-42A3-9474-1A3956D46DE8}") = "src", "src", "{7A4718A2-7E6E-489B-8D91-609869DDDFCE}"
EndProject
Project("{2150E333-8FDC-42A3-9474-1A3956D46DE8}") = "Solution Items", "Solution Items", "{4ECC3795-C8E6-4A12-AAD5-625ECFD6F2DC}"
	ProjectSection(SolutionItems) = preProject
		global.json = global.json
	EndProjectSection
EndProject
Project("{8BB2217D-0F2D-49D1-97BC-3654ED321F3B}") = "WidgetGallery", "WidgetGallery\WidgetGallery.xproj", "{5E632B97-D1C4-4031-B97C-E5FC5C4780D2}"
EndProject
Global
	GlobalSection(SolutionConfigurationPlatforms) = preSolution
		Debug|Any CPU = Debug|Any CPU
		Release|Any CPU = Release|Any CPU
	EndGlobalSection
	GlobalSection(ProjectConfigurationPlatforms) = postSolution
		{5E632B97-D1C4-4031-B97C-E5FC5C4780D2}.Debug|Any CPU.ActiveCfg = Debug|Any CPU
		{5E632B97-D1C4-4031-B97C-E5FC5C4780D2}.Debug|Any CPU.Build.0 = Debug|Any CPU
		{5E632B97-D1C4-4031-B97C-E5FC5C4780D2}.Release|Any CPU.ActiveCfg = Release|Any CPU
		{5E632B97-D1C4-4031-B97C-E5FC5C4780D2}.Release|Any CPU.Build.0 = Release|Any CPU
	EndGlobalSection
	GlobalSection(SolutionProperties) = preSolution
		HideSolutionNode = FALSE
	EndGlobalSection
	GlobalSection(NestedProjects) = preSolution
		{5E632B97-D1C4-4031-B97C-E5FC5C4780D2} = {7A4718A2-7E6E-489B-8D91-609869DDDFCE}
	EndGlobalSection
EndGlobal
